
Microsoft Visual Studio Solution File, Format Version 12.00
# Visual Studio Version 17
VisualStudioVersion = 17.13.35806.99 d17.13
MinimumVisualStudioVersion = 10.0.40219.1
Project("{FAE04EC0-301F-11D3-BF4B-00C04F79EFBC}") = "SOLID", "SOLID\SOLID.csproj", "{1BB55F78-655C-4E8A-B5F0-F74EEBA4126D}"
EndProject
Global
	GlobalSection(SolutionConfigurationPlatforms) = preSolution
		Debug|Any CPU = Debug|Any CPU
		Release|Any CPU = Release|Any CPU
	EndGlobalSection
	GlobalSection(ProjectConfigurationPlatforms) = postSolution
		{1BB55F78-655C-4E8A-B5F0-F74EEBA4126D}.Debug|Any CPU.ActiveCfg = Debug|Any CPU
		{1BB55F78-655C-4E8A-B5F0-F74EEBA4126D}.Debug|Any CPU.Build.0 = Debug|Any CPU
		{1BB55F78-655C-4E8A-B5F0-F74EEBA4126D}.Release|Any CPU.ActiveCfg = Release|Any CPU
		{1BB55F78-655C-4E8A-B5F0-F74EEBA4126D}.Release|Any CPU.Build.0 = Release|Any CPU
	EndGlobalSection
	GlobalSection(SolutionProperties) = preSolution
		HideSolutionNode = FALSE
	EndGlobalSection
	GlobalSection(ExtensibilityGlobals) = postSolution
		SolutionGuid = {C393EA1D-EC62-4EA0-9154-B730A2150DA2}
	EndGlobalSection
EndGlobal
